// !$*UTF8*$!
{
	archiveVersion = 1;
	classes = {
	};
	objectVersion = 55;
	objects = {

/* Begin PBXBuildFile section */
		2B363F382752CCF70032869F /* AppDelegate.swift in Sources */ = {isa = PBXBuildFile; fileRef = 2B363F372752CCF70032869F /* AppDelegate.swift */; };
		2B363F3A2752CCF70032869F /* SceneDelegate.swift in Sources */ = {isa = PBXBuildFile; fileRef = 2B363F392752CCF70032869F /* SceneDelegate.swift */; };
		2B363F3C2752CCF70032869F /* ViewController.swift in Sources */ = {isa = PBXBuildFile; fileRef = 2B363F3B2752CCF70032869F /* ViewController.swift */; };
		2B363F3F2752CCF70032869F /* Main.storyboard in Resources */ = {isa = PBXBuildFile; fileRef = 2B363F3D2752CCF70032869F /* Main.storyboard */; };
		2B363F412752CCF90032869F /* Assets.xcassets in Resources */ = {isa = PBXBuildFile; fileRef = 2B363F402752CCF90032869F /* Assets.xcassets */; };
		2B363F442752CCF90032869F /* LaunchScreen.storyboard in Resources */ = {isa = PBXBuildFile; fileRef = 2B363F422752CCF90032869F /* LaunchScreen.storyboard */; };
		2B363F4F2752CCF90032869F /* PerceptionTests.swift in Sources */ = {isa = PBXBuildFile; fileRef = 2B363F4E2752CCF90032869F /* PerceptionTests.swift */; };
		2B363F592752CCF90032869F /* PerceptionUITests.swift in Sources */ = {isa = PBXBuildFile; fileRef = 2B363F582752CCF90032869F /* PerceptionUITests.swift */; };
		2B363F5B2752CCF90032869F /* PerceptionUITestsLaunchTests.swift in Sources */ = {isa = PBXBuildFile; fileRef = 2B363F5A2752CCF90032869F /* PerceptionUITestsLaunchTests.swift */; };
		2B363F6E2752CF180032869F /* Workspace.swift in Sources */ = {isa = PBXBuildFile; fileRef = 2B363F6D2752CF180032869F /* Workspace.swift */; };
		2B363F702752CF2A0032869F /* Shelf.swift in Sources */ = {isa = PBXBuildFile; fileRef = 2B363F6F2752CF2A0032869F /* Shelf.swift */; };
		2B363F722752CF330032869F /* Document.swift in Sources */ = {isa = PBXBuildFile; fileRef = 2B363F712752CF330032869F /* Document.swift */; };
		2B363F742752CF3A0032869F /* User.swift in Sources */ = {isa = PBXBuildFile; fileRef = 2B363F732752CF3A0032869F /* User.swift */; };
		2B363F772752D2430032869F /* GoogleService-Info.plist in Resources */ = {isa = PBXBuildFile; fileRef = 2B363F762752D2430032869F /* GoogleService-Info.plist */; };
		2B394D0F2764ED2C00CCCA56 /* PCNListViewController.swift in Sources */ = {isa = PBXBuildFile; fileRef = 2B394D0E2764ED2C00CCCA56 /* PCNListViewController.swift */; };
		2BCDEB7927650E8C009EE247 /* PerceptionUI in Frameworks */ = {isa = PBXBuildFile; productRef = 2BCDEB7827650E8C009EE247 /* PerceptionUI */; };
		2BCDEB7C27664A89009EE247 /* PCNDocumentViewController.swift in Sources */ = {isa = PBXBuildFile; fileRef = 2BCDEB7B27664A89009EE247 /* PCNDocumentViewController.swift */; };
		2BCDEB7E27665A96009EE247 /* PerceptionStorage in Frameworks */ = {isa = PBXBuildFile; productRef = 2BCDEB7D27665A96009EE247 /* PerceptionStorage */; };
		2BCDEB8127665FE9009EE247 /* PCNAuthViewController.swift in Sources */ = {isa = PBXBuildFile; fileRef = 2BCDEB8027665FE9009EE247 /* PCNAuthViewController.swift */; };
/* End PBXBuildFile section */

/* Begin PBXContainerItemProxy section */
		2B363F4B2752CCF90032869F /* PBXContainerItemProxy */ = {
			isa = PBXContainerItemProxy;
			containerPortal = 2B363F2C2752CCF70032869F /* Project object */;
			proxyType = 1;
			remoteGlobalIDString = 2B363F332752CCF70032869F;
			remoteInfo = Perception;
		};
		2B363F552752CCF90032869F /* PBXContainerItemProxy */ = {
			isa = PBXContainerItemProxy;
			containerPortal = 2B363F2C2752CCF70032869F /* Project object */;
			proxyType = 1;
			remoteGlobalIDString = 2B363F332752CCF70032869F;
			remoteInfo = Perception;
		};
/* End PBXContainerItemProxy section */

/* Begin PBXFileReference section */
		2B363F342752CCF70032869F /* Perception.app */ = {isa = PBXFileReference; explicitFileType = wrapper.application; includeInIndex = 0; path = Perception.app; sourceTree = BUILT_PRODUCTS_DIR; };
		2B363F372752CCF70032869F /* AppDelegate.swift */ = {isa = PBXFileReference; lastKnownFileType = sourcecode.swift; path = AppDelegate.swift; sourceTree = "<group>"; };
		2B363F392752CCF70032869F /* SceneDelegate.swift */ = {isa = PBXFileReference; lastKnownFileType = sourcecode.swift; path = SceneDelegate.swift; sourceTree = "<group>"; };
		2B363F3B2752CCF70032869F /* ViewController.swift */ = {isa = PBXFileReference; lastKnownFileType = sourcecode.swift; path = ViewController.swift; sourceTree = "<group>"; };
		2B363F3E2752CCF70032869F /* Base */ = {isa = PBXFileReference; lastKnownFileType = file.storyboard; name = Base; path = Base.lproj/Main.storyboard; sourceTree = "<group>"; };
		2B363F402752CCF90032869F /* Assets.xcassets */ = {isa = PBXFileReference; lastKnownFileType = folder.assetcatalog; path = Assets.xcassets; sourceTree = "<group>"; };
		2B363F432752CCF90032869F /* Base */ = {isa = PBXFileReference; lastKnownFileType = file.storyboard; name = Base; path = Base.lproj/LaunchScreen.storyboard; sourceTree = "<group>"; };
		2B363F452752CCF90032869F /* Info.plist */ = {isa = PBXFileReference; lastKnownFileType = text.plist.xml; path = Info.plist; sourceTree = "<group>"; };
		2B363F4A2752CCF90032869F /* PerceptionTests.xctest */ = {isa = PBXFileReference; explicitFileType = wrapper.cfbundle; includeInIndex = 0; path = PerceptionTests.xctest; sourceTree = BUILT_PRODUCTS_DIR; };
		2B363F4E2752CCF90032869F /* PerceptionTests.swift */ = {isa = PBXFileReference; lastKnownFileType = sourcecode.swift; path = PerceptionTests.swift; sourceTree = "<group>"; };
		2B363F542752CCF90032869F /* PerceptionUITests.xctest */ = {isa = PBXFileReference; explicitFileType = wrapper.cfbundle; includeInIndex = 0; path = PerceptionUITests.xctest; sourceTree = BUILT_PRODUCTS_DIR; };
		2B363F582752CCF90032869F /* PerceptionUITests.swift */ = {isa = PBXFileReference; lastKnownFileType = sourcecode.swift; path = PerceptionUITests.swift; sourceTree = "<group>"; };
		2B363F5A2752CCF90032869F /* PerceptionUITestsLaunchTests.swift */ = {isa = PBXFileReference; lastKnownFileType = sourcecode.swift; path = PerceptionUITestsLaunchTests.swift; sourceTree = "<group>"; };
		2B363F682752CD530032869F /* PerceptionUI */ = {isa = PBXFileReference; lastKnownFileType = folder; path = PerceptionUI; sourceTree = "<group>"; };
		2B363F6D2752CF180032869F /* Workspace.swift */ = {isa = PBXFileReference; lastKnownFileType = sourcecode.swift; path = Workspace.swift; sourceTree = "<group>"; };
		2B363F6F2752CF2A0032869F /* Shelf.swift */ = {isa = PBXFileReference; lastKnownFileType = sourcecode.swift; path = Shelf.swift; sourceTree = "<group>"; };
		2B363F712752CF330032869F /* Document.swift */ = {isa = PBXFileReference; lastKnownFileType = sourcecode.swift; path = Document.swift; sourceTree = "<group>"; };
		2B363F732752CF3A0032869F /* User.swift */ = {isa = PBXFileReference; lastKnownFileType = sourcecode.swift; path = User.swift; sourceTree = "<group>"; };
		2B363F762752D2430032869F /* GoogleService-Info.plist */ = {isa = PBXFileReference; fileEncoding = 4; lastKnownFileType = text.plist.xml; path = "GoogleService-Info.plist"; sourceTree = "<group>"; };
		2B363F7E275392FC0032869F /* PerceptionStorage */ = {isa = PBXFileReference; lastKnownFileType = folder; path = PerceptionStorage; sourceTree = "<group>"; };
		2B394D0E2764ED2C00CCCA56 /* PCNListViewController.swift */ = {isa = PBXFileReference; lastKnownFileType = sourcecode.swift; path = PCNListViewController.swift; sourceTree = "<group>"; };
		2BCDEB7B27664A89009EE247 /* PCNDocumentViewController.swift */ = {isa = PBXFileReference; lastKnownFileType = sourcecode.swift; path = PCNDocumentViewController.swift; sourceTree = "<group>"; };
		2BCDEB8027665FE9009EE247 /* PCNAuthViewController.swift */ = {isa = PBXFileReference; lastKnownFileType = sourcecode.swift; path = PCNAuthViewController.swift; sourceTree = "<group>"; };
/* End PBXFileReference section */

/* Begin PBXFrameworksBuildPhase section */
		2B363F312752CCF70032869F /* Frameworks */ = {
			isa = PBXFrameworksBuildPhase;
			buildActionMask = 2147483647;
			files = (
				2BCDEB7927650E8C009EE247 /* PerceptionUI in Frameworks */,
				2BCDEB7E27665A96009EE247 /* PerceptionStorage in Frameworks */,
			);
			runOnlyForDeploymentPostprocessing = 0;
		};
		2B363F472752CCF90032869F /* Frameworks */ = {
			isa = PBXFrameworksBuildPhase;
			buildActionMask = 2147483647;
			files = (
			);
			runOnlyForDeploymentPostprocessing = 0;
		};
		2B363F512752CCF90032869F /* Frameworks */ = {
			isa = PBXFrameworksBuildPhase;
			buildActionMask = 2147483647;
			files = (
			);
			runOnlyForDeploymentPostprocessing = 0;
		};
/* End PBXFrameworksBuildPhase section */

/* Begin PBXGroup section */
		2B363F2B2752CCF70032869F = {
			isa = PBXGroup;
			children = (
				2B363F672752CD3D0032869F /* Modules */,
				2B363F362752CCF70032869F /* Perception */,
				2B363F4D2752CCF90032869F /* PerceptionTests */,
				2B363F572752CCF90032869F /* PerceptionUITests */,
				2B363F352752CCF70032869F /* Products */,
				2B363F692752CE050032869F /* Frameworks */,
			);
			sourceTree = "<group>";
		};
		2B363F352752CCF70032869F /* Products */ = {
			isa = PBXGroup;
			children = (
				2B363F342752CCF70032869F /* Perception.app */,
				2B363F4A2752CCF90032869F /* PerceptionTests.xctest */,
				2B363F542752CCF90032869F /* PerceptionUITests.xctest */,
			);
			name = Products;
			sourceTree = "<group>";
		};
		2B363F362752CCF70032869F /* Perception */ = {
			isa = PBXGroup;
			children = (
				2B363F782752D5CF0032869F /* Flows */,
				2B363F752752D0400032869F /* Service */,
				2B363F6C2752CEA30032869F /* Models */,
				2B363F372752CCF70032869F /* AppDelegate.swift */,
				2B363F392752CCF70032869F /* SceneDelegate.swift */,
				2B363F3B2752CCF70032869F /* ViewController.swift */,
				2B363F3D2752CCF70032869F /* Main.storyboard */,
				2B363F402752CCF90032869F /* Assets.xcassets */,
				2B363F422752CCF90032869F /* LaunchScreen.storyboard */,
				2B363F452752CCF90032869F /* Info.plist */,
				2B363F762752D2430032869F /* GoogleService-Info.plist */,
			);
			path = Perception;
			sourceTree = "<group>";
		};
		2B363F4D2752CCF90032869F /* PerceptionTests */ = {
			isa = PBXGroup;
			children = (
				2B363F4E2752CCF90032869F /* PerceptionTests.swift */,
			);
			path = PerceptionTests;
			sourceTree = "<group>";
		};
		2B363F572752CCF90032869F /* PerceptionUITests */ = {
			isa = PBXGroup;
			children = (
				2B363F582752CCF90032869F /* PerceptionUITests.swift */,
				2B363F5A2752CCF90032869F /* PerceptionUITestsLaunchTests.swift */,
			);
			path = PerceptionUITests;
			sourceTree = "<group>";
		};
		2B363F672752CD3D0032869F /* Modules */ = {
			isa = PBXGroup;
			children = (
				2B363F7E275392FC0032869F /* PerceptionStorage */,
				2B363F682752CD530032869F /* PerceptionUI */,
			);
			path = Modules;
			sourceTree = "<group>";
		};
		2B363F692752CE050032869F /* Frameworks */ = {
			isa = PBXGroup;
			children = (
			);
			name = Frameworks;
			sourceTree = "<group>";
		};
		2B363F6C2752CEA30032869F /* Models */ = {
			isa = PBXGroup;
			children = (
				2B363F6D2752CF180032869F /* Workspace.swift */,
				2B363F6F2752CF2A0032869F /* Shelf.swift */,
				2B363F712752CF330032869F /* Document.swift */,
				2B363F732752CF3A0032869F /* User.swift */,
			);
			path = Models;
			sourceTree = "<group>";
		};
		2B363F752752D0400032869F /* Service */ = {
			isa = PBXGroup;
			children = (
			);
			path = Service;
			sourceTree = "<group>";
		};
		2B363F782752D5CF0032869F /* Flows */ = {
			isa = PBXGroup;
			children = (
				2BCDEB7F27665FD6009EE247 /* Auth */,
				2BCDEB7A27664A7C009EE247 /* Document */,
				2B363F792752D6350032869F /* Home */,
			);
			path = Flows;
			sourceTree = "<group>";
		};
		2B363F792752D6350032869F /* Home */ = {
			isa = PBXGroup;
			children = (
				2B394D0E2764ED2C00CCCA56 /* PCNListViewController.swift */,
			);
			path = Home;
			sourceTree = "<group>";
		};
		2BCDEB7A27664A7C009EE247 /* Document */ = {
			isa = PBXGroup;
			children = (
				2BCDEB7B27664A89009EE247 /* PCNDocumentViewController.swift */,
			);
			path = Document;
			sourceTree = "<group>";
		};
		2BCDEB7F27665FD6009EE247 /* Auth */ = {
			isa = PBXGroup;
			children = (
				2BCDEB8027665FE9009EE247 /* PCNAuthViewController.swift */,
			);
			path = Auth;
			sourceTree = "<group>";
		};
/* End PBXGroup section */

/* Begin PBXNativeTarget section */
		2B363F332752CCF70032869F /* Perception */ = {
			isa = PBXNativeTarget;
			buildConfigurationList = 2B363F5E2752CCF90032869F /* Build configuration list for PBXNativeTarget "Perception" */;
			buildPhases = (
				2B363F302752CCF70032869F /* Sources */,
				2B363F312752CCF70032869F /* Frameworks */,
				2B363F322752CCF70032869F /* Resources */,
				2B394D102764F81700CCCA56 /* ShellScript */,
			);
			buildRules = (
			);
			dependencies = (
			);
			name = Perception;
			packageProductDependencies = (
				2BCDEB7827650E8C009EE247 /* PerceptionUI */,
				2BCDEB7D27665A96009EE247 /* PerceptionStorage */,
			);
			productName = Perception;
			productReference = 2B363F342752CCF70032869F /* Perception.app */;
			productType = "com.apple.product-type.application";
		};
		2B363F492752CCF90032869F /* PerceptionTests */ = {
			isa = PBXNativeTarget;
			buildConfigurationList = 2B363F612752CCF90032869F /* Build configuration list for PBXNativeTarget "PerceptionTests" */;
			buildPhases = (
				2B363F462752CCF90032869F /* Sources */,
				2B363F472752CCF90032869F /* Frameworks */,
				2B363F482752CCF90032869F /* Resources */,
			);
			buildRules = (
			);
			dependencies = (
				2B363F4C2752CCF90032869F /* PBXTargetDependency */,
			);
			name = PerceptionTests;
			productName = PerceptionTests;
			productReference = 2B363F4A2752CCF90032869F /* PerceptionTests.xctest */;
			productType = "com.apple.product-type.bundle.unit-test";
		};
		2B363F532752CCF90032869F /* PerceptionUITests */ = {
			isa = PBXNativeTarget;
			buildConfigurationList = 2B363F642752CCF90032869F /* Build configuration list for PBXNativeTarget "PerceptionUITests" */;
			buildPhases = (
				2B363F502752CCF90032869F /* Sources */,
				2B363F512752CCF90032869F /* Frameworks */,
				2B363F522752CCF90032869F /* Resources */,
			);
			buildRules = (
			);
			dependencies = (
				2B363F562752CCF90032869F /* PBXTargetDependency */,
			);
			name = PerceptionUITests;
			productName = PerceptionUITests;
			productReference = 2B363F542752CCF90032869F /* PerceptionUITests.xctest */;
			productType = "com.apple.product-type.bundle.ui-testing";
		};
/* End PBXNativeTarget section */

/* Begin PBXProject section */
		2B363F2C2752CCF70032869F /* Project object */ = {
			isa = PBXProject;
			attributes = {
				BuildIndependentTargetsInParallel = 1;
				CLASSPREFIX = PCN;
				LastSwiftUpdateCheck = 1310;
				LastUpgradeCheck = 1310;
				ORGANIZATIONNAME = "Star Unicorn";
				TargetAttributes = {
					2B363F332752CCF70032869F = {
						CreatedOnToolsVersion = 13.1;
					};
					2B363F492752CCF90032869F = {
						CreatedOnToolsVersion = 13.1;
						TestTargetID = 2B363F332752CCF70032869F;
					};
					2B363F532752CCF90032869F = {
						CreatedOnToolsVersion = 13.1;
						TestTargetID = 2B363F332752CCF70032869F;
					};
				};
			};
			buildConfigurationList = 2B363F2F2752CCF70032869F /* Build configuration list for PBXProject "Perception" */;
			compatibilityVersion = "Xcode 13.0";
			developmentRegion = en;
			hasScannedForEncodings = 0;
			knownRegions = (
				en,
				Base,
			);
			mainGroup = 2B363F2B2752CCF70032869F;
			packageReferences = (
			);
			productRefGroup = 2B363F352752CCF70032869F /* Products */;
			projectDirPath = "";
			projectRoot = "";
			targets = (
				2B363F332752CCF70032869F /* Perception */,
				2B363F492752CCF90032869F /* PerceptionTests */,
				2B363F532752CCF90032869F /* PerceptionUITests */,
			);
		};
/* End PBXProject section */

/* Begin PBXResourcesBuildPhase section */
		2B363F322752CCF70032869F /* Resources */ = {
			isa = PBXResourcesBuildPhase;
			buildActionMask = 2147483647;
			files = (
				2B363F442752CCF90032869F /* LaunchScreen.storyboard in Resources */,
				2B363F772752D2430032869F /* GoogleService-Info.plist in Resources */,
				2B363F412752CCF90032869F /* Assets.xcassets in Resources */,
				2B363F3F2752CCF70032869F /* Main.storyboard in Resources */,
			);
			runOnlyForDeploymentPostprocessing = 0;
		};
		2B363F482752CCF90032869F /* Resources */ = {
			isa = PBXResourcesBuildPhase;
			buildActionMask = 2147483647;
			files = (
			);
			runOnlyForDeploymentPostprocessing = 0;
		};
		2B363F522752CCF90032869F /* Resources */ = {
			isa = PBXResourcesBuildPhase;
			buildActionMask = 2147483647;
			files = (
			);
			runOnlyForDeploymentPostprocessing = 0;
		};
/* End PBXResourcesBuildPhase section */

/* Begin PBXShellScriptBuildPhase section */
		2B394D102764F81700CCCA56 /* ShellScript */ = {
			isa = PBXShellScriptBuildPhase;
			buildActionMask = 12;
			files = (
			);
			inputFileListPaths = (
			);
			inputPaths = (
			);
			outputFileListPaths = (
			);
			outputPaths = (
			);
			runOnlyForDeploymentPostprocessing = 0;
			shellPath = /bin/zsh;
			shellScript = "#if test -d \"/opt/homebrew/bin/\"; then\n#  PATH=\"/opt/homebrew/bin/:${PATH}\"\n#fi\n\n#if which swiftlint >/dev/null; then\n#  swiftlint\n#else\n#  echo \"warning: SwiftLint not installed, download from https://github.com/realm/SwiftLint\"\n#fi\n";
		};
/* End PBXShellScriptBuildPhase section */

/* Begin PBXSourcesBuildPhase section */
		2B363F302752CCF70032869F /* Sources */ = {
			isa = PBXSourcesBuildPhase;
			buildActionMask = 2147483647;
			files = (
				2B363F3C2752CCF70032869F /* ViewController.swift in Sources */,
				2B363F702752CF2A0032869F /* Shelf.swift in Sources */,
				2B394D0F2764ED2C00CCCA56 /* PCNListViewController.swift in Sources */,
				2B363F722752CF330032869F /* Document.swift in Sources */,
				2B363F6E2752CF180032869F /* Workspace.swift in Sources */,
				2BCDEB7C27664A89009EE247 /* PCNDocumentViewController.swift in Sources */,
				2B363F382752CCF70032869F /* AppDelegate.swift in Sources */,
				2B363F3A2752CCF70032869F /* SceneDelegate.swift in Sources */,
				2BCDEB8127665FE9009EE247 /* PCNAuthViewController.swift in Sources */,
				2B363F742752CF3A0032869F /* User.swift in Sources */,
			);
			runOnlyForDeploymentPostprocessing = 0;
		};
		2B363F462752CCF90032869F /* Sources */ = {
			isa = PBXSourcesBuildPhase;
			buildActionMask = 2147483647;
			files = (
				2B363F4F2752CCF90032869F /* PerceptionTests.swift in Sources */,
			);
			runOnlyForDeploymentPostprocessing = 0;
		};
		2B363F502752CCF90032869F /* Sources */ = {
			isa = PBXSourcesBuildPhase;
			buildActionMask = 2147483647;
			files = (
				2B363F592752CCF90032869F /* PerceptionUITests.swift in Sources */,
				2B363F5B2752CCF90032869F /* PerceptionUITestsLaunchTests.swift in Sources */,
			);
			runOnlyForDeploymentPostprocessing = 0;
		};
/* End PBXSourcesBuildPhase section */

/* Begin PBXTargetDependency section */
		2B363F4C2752CCF90032869F /* PBXTargetDependency */ = {
			isa = PBXTargetDependency;
			target = 2B363F332752CCF70032869F /* Perception */;
			targetProxy = 2B363F4B2752CCF90032869F /* PBXContainerItemProxy */;
		};
		2B363F562752CCF90032869F /* PBXTargetDependency */ = {
			isa = PBXTargetDependency;
			target = 2B363F332752CCF70032869F /* Perception */;
			targetProxy = 2B363F552752CCF90032869F /* PBXContainerItemProxy */;
		};
/* End PBXTargetDependency section */

/* Begin PBXVariantGroup section */
		2B363F3D2752CCF70032869F /* Main.storyboard */ = {
			isa = PBXVariantGroup;
			children = (
				2B363F3E2752CCF70032869F /* Base */,
			);
			name = Main.storyboard;
			sourceTree = "<group>";
		};
		2B363F422752CCF90032869F /* LaunchScreen.storyboard */ = {
			isa = PBXVariantGroup;
			children = (
				2B363F432752CCF90032869F /* Base */,
			);
			name = LaunchScreen.storyboard;
			sourceTree = "<group>";
		};
/* End PBXVariantGroup section */

/* Begin XCBuildConfiguration section */
		2B363F5C2752CCF90032869F /* Debug */ = {
			isa = XCBuildConfiguration;
			buildSettings = {
				ALWAYS_SEARCH_USER_PATHS = NO;
				CLANG_ANALYZER_NONNULL = YES;
				CLANG_ANALYZER_NUMBER_OBJECT_CONVERSION = YES_AGGRESSIVE;
				CLANG_CXX_LANGUAGE_STANDARD = "gnu++17";
				CLANG_CXX_LIBRARY = "libc++";
				CLANG_ENABLE_MODULES = YES;
				CLANG_ENABLE_OBJC_ARC = YES;
				CLANG_ENABLE_OBJC_WEAK = YES;
				CLANG_WARN_BLOCK_CAPTURE_AUTORELEASING = YES;
				CLANG_WARN_BOOL_CONVERSION = YES;
				CLANG_WARN_COMMA = YES;
				CLANG_WARN_CONSTANT_CONVERSION = YES;
				CLANG_WARN_DEPRECATED_OBJC_IMPLEMENTATIONS = YES;
				CLANG_WARN_DIRECT_OBJC_ISA_USAGE = YES_ERROR;
				CLANG_WARN_DOCUMENTATION_COMMENTS = YES;
				CLANG_WARN_EMPTY_BODY = YES;
				CLANG_WARN_ENUM_CONVERSION = YES;
				CLANG_WARN_INFINITE_RECURSION = YES;
				CLANG_WARN_INT_CONVERSION = YES;
				CLANG_WARN_NON_LITERAL_NULL_CONVERSION = YES;
				CLANG_WARN_OBJC_IMPLICIT_RETAIN_SELF = YES;
				CLANG_WARN_OBJC_LITERAL_CONVERSION = YES;
				CLANG_WARN_OBJC_ROOT_CLASS = YES_ERROR;
				CLANG_WARN_QUOTED_INCLUDE_IN_FRAMEWORK_HEADER = YES;
				CLANG_WARN_RANGE_LOOP_ANALYSIS = YES;
				CLANG_WARN_STRICT_PROTOTYPES = YES;
				CLANG_WARN_SUSPICIOUS_MOVE = YES;
				CLANG_WARN_UNGUARDED_AVAILABILITY = YES_AGGRESSIVE;
				CLANG_WARN_UNREACHABLE_CODE = YES;
				CLANG_WARN__DUPLICATE_METHOD_MATCH = YES;
				COPY_PHASE_STRIP = NO;
				DEBUG_INFORMATION_FORMAT = dwarf;
				ENABLE_STRICT_OBJC_MSGSEND = YES;
				ENABLE_TESTABILITY = YES;
				GCC_C_LANGUAGE_STANDARD = gnu11;
				GCC_DYNAMIC_NO_PIC = NO;
				GCC_NO_COMMON_BLOCKS = YES;
				GCC_OPTIMIZATION_LEVEL = 0;
				GCC_PREPROCESSOR_DEFINITIONS = (
					"DEBUG=1",
					"$(inherited)",
				);
				GCC_WARN_64_TO_32_BIT_CONVERSION = YES;
				GCC_WARN_ABOUT_RETURN_TYPE = YES_ERROR;
				GCC_WARN_UNDECLARED_SELECTOR = YES;
				GCC_WARN_UNINITIALIZED_AUTOS = YES_AGGRESSIVE;
				GCC_WARN_UNUSED_FUNCTION = YES;
				GCC_WARN_UNUSED_VARIABLE = YES;
				IPHONEOS_DEPLOYMENT_TARGET = 15.0;
				MTL_ENABLE_DEBUG_INFO = INCLUDE_SOURCE;
				MTL_FAST_MATH = YES;
				ONLY_ACTIVE_ARCH = YES;
				SDKROOT = iphoneos;
				SWIFT_ACTIVE_COMPILATION_CONDITIONS = DEBUG;
				SWIFT_OPTIMIZATION_LEVEL = "-Onone";
			};
			name = Debug;
		};
		2B363F5D2752CCF90032869F /* Release */ = {
			isa = XCBuildConfiguration;
			buildSettings = {
				ALWAYS_SEARCH_USER_PATHS = NO;
				CLANG_ANALYZER_NONNULL = YES;
				CLANG_ANALYZER_NUMBER_OBJECT_CONVERSION = YES_AGGRESSIVE;
				CLANG_CXX_LANGUAGE_STANDARD = "gnu++17";
				CLANG_CXX_LIBRARY = "libc++";
				CLANG_ENABLE_MODULES = YES;
				CLANG_ENABLE_OBJC_ARC = YES;
				CLANG_ENABLE_OBJC_WEAK = YES;
				CLANG_WARN_BLOCK_CAPTURE_AUTORELEASING = YES;
				CLANG_WARN_BOOL_CONVERSION = YES;
				CLANG_WARN_COMMA = YES;
				CLANG_WARN_CONSTANT_CONVERSION = YES;
				CLANG_WARN_DEPRECATED_OBJC_IMPLEMENTATIONS = YES;
				CLANG_WARN_DIRECT_OBJC_ISA_USAGE = YES_ERROR;
				CLANG_WARN_DOCUMENTATION_COMMENTS = YES;
				CLANG_WARN_EMPTY_BODY = YES;
				CLANG_WARN_ENUM_CONVERSION = YES;
				CLANG_WARN_INFINITE_RECURSION = YES;
				CLANG_WARN_INT_CONVERSION = YES;
				CLANG_WARN_NON_LITERAL_NULL_CONVERSION = YES;
				CLANG_WARN_OBJC_IMPLICIT_RETAIN_SELF = YES;
				CLANG_WARN_OBJC_LITERAL_CONVERSION = YES;
				CLANG_WARN_OBJC_ROOT_CLASS = YES_ERROR;
				CLANG_WARN_QUOTED_INCLUDE_IN_FRAMEWORK_HEADER = YES;
				CLANG_WARN_RANGE_LOOP_ANALYSIS = YES;
				CLANG_WARN_STRICT_PROTOTYPES = YES;
				CLANG_WARN_SUSPICIOUS_MOVE = YES;
				CLANG_WARN_UNGUARDED_AVAILABILITY = YES_AGGRESSIVE;
				CLANG_WARN_UNREACHABLE_CODE = YES;
				CLANG_WARN__DUPLICATE_METHOD_MATCH = YES;
				COPY_PHASE_STRIP = NO;
				DEBUG_INFORMATION_FORMAT = "dwarf-with-dsym";
				ENABLE_NS_ASSERTIONS = NO;
				ENABLE_STRICT_OBJC_MSGSEND = YES;
				GCC_C_LANGUAGE_STANDARD = gnu11;
				GCC_NO_COMMON_BLOCKS = YES;
				GCC_WARN_64_TO_32_BIT_CONVERSION = YES;
				GCC_WARN_ABOUT_RETURN_TYPE = YES_ERROR;
				GCC_WARN_UNDECLARED_SELECTOR = YES;
				GCC_WARN_UNINITIALIZED_AUTOS = YES_AGGRESSIVE;
				GCC_WARN_UNUSED_FUNCTION = YES;
				GCC_WARN_UNUSED_VARIABLE = YES;
				IPHONEOS_DEPLOYMENT_TARGET = 15.0;
				MTL_ENABLE_DEBUG_INFO = NO;
				MTL_FAST_MATH = YES;
				SDKROOT = iphoneos;
				SWIFT_COMPILATION_MODE = wholemodule;
				SWIFT_OPTIMIZATION_LEVEL = "-O";
				VALIDATE_PRODUCT = YES;
			};
			name = Release;
		};
		2B363F5F2752CCF90032869F /* Debug */ = {
			isa = XCBuildConfiguration;
			buildSettings = {
				ASSETCATALOG_COMPILER_APPICON_NAME = AppIcon;
				ASSETCATALOG_COMPILER_GLOBAL_ACCENT_COLOR_NAME = AccentColor;
				CODE_SIGN_STYLE = Automatic;
				CURRENT_PROJECT_VERSION = 1;
				DEVELOPMENT_TEAM = 7YP67DVLV3;
				GENERATE_INFOPLIST_FILE = YES;
				INFOPLIST_FILE = Perception/Info.plist;
				INFOPLIST_KEY_CFBundleDisplayName = With;
				INFOPLIST_KEY_UIApplicationSupportsIndirectInputEvents = YES;
				INFOPLIST_KEY_UILaunchStoryboardName = LaunchScreen;
				INFOPLIST_KEY_UIMainStoryboardFile = Main;
				INFOPLIST_KEY_UISupportedInterfaceOrientations = UIInterfaceOrientationPortrait;
				INFOPLIST_KEY_UISupportedInterfaceOrientations_iPad = "UIInterfaceOrientationPortrait UIInterfaceOrientationPortraitUpsideDown UIInterfaceOrientationLandscapeLeft UIInterfaceOrientationLandscapeRight";
				INFOPLIST_KEY_UISupportedInterfaceOrientations_iPhone = "UIInterfaceOrientationPortrait UIInterfaceOrientationLandscapeLeft UIInterfaceOrientationLandscapeRight";
				LD_RUNPATH_SEARCH_PATHS = (
					"$(inherited)",
					"@executable_path/Frameworks",
				);
				MARKETING_VERSION = 1.0;
				PRODUCT_BUNDLE_IDENTIFIER = com.uvolchyk.perception;
				PRODUCT_NAME = "$(TARGET_NAME)";
				SWIFT_EMIT_LOC_STRINGS = YES;
				SWIFT_VERSION = 5.0;
				TARGETED_DEVICE_FAMILY = "1,2";
			};
			name = Debug;
		};
		2B363F602752CCF90032869F /* Release */ = {
			isa = XCBuildConfiguration;
			buildSettings = {
				ASSETCATALOG_COMPILER_APPICON_NAME = AppIcon;
				ASSETCATALOG_COMPILER_GLOBAL_ACCENT_COLOR_NAME = AccentColor;
				CODE_SIGN_STYLE = Automatic;
				CURRENT_PROJECT_VERSION = 1;
				DEVELOPMENT_TEAM = 7YP67DVLV3;
				GENERATE_INFOPLIST_FILE = YES;
				INFOPLIST_FILE = Perception/Info.plist;
				INFOPLIST_KEY_CFBundleDisplayName = With;
				INFOPLIST_KEY_UIApplicationSupportsIndirectInputEvents = YES;
				INFOPLIST_KEY_UILaunchStoryboardName = LaunchScreen;
				INFOPLIST_KEY_UIMainStoryboardFile = Main;
				INFOPLIST_KEY_UISupportedInterfaceOrientations = UIInterfaceOrientationPortrait;
				INFOPLIST_KEY_UISupportedInterfaceOrientations_iPad = "UIInterfaceOrientationPortrait UIInterfaceOrientationPortraitUpsideDown UIInterfaceOrientationLandscapeLeft UIInterfaceOrientationLandscapeRight";
				INFOPLIST_KEY_UISupportedInterfaceOrientations_iPhone = "UIInterfaceOrientationPortrait UIInterfaceOrientationLandscapeLeft UIInterfaceOrientationLandscapeRight";
				LD_RUNPATH_SEARCH_PATHS = (
					"$(inherited)",
					"@executable_path/Frameworks",
				);
				MARKETING_VERSION = 1.0;
				PRODUCT_BUNDLE_IDENTIFIER = com.uvolchyk.perception;
				PRODUCT_NAME = "$(TARGET_NAME)";
				SWIFT_EMIT_LOC_STRINGS = YES;
				SWIFT_VERSION = 5.0;
				TARGETED_DEVICE_FAMILY = "1,2";
			};
			name = Release;
		};
		2B363F622752CCF90032869F /* Debug */ = {
			isa = XCBuildConfiguration;
			buildSettings = {
				ALWAYS_EMBED_SWIFT_STANDARD_LIBRARIES = YES;
				BUNDLE_LOADER = "$(TEST_HOST)";
				CODE_SIGN_STYLE = Automatic;
				CURRENT_PROJECT_VERSION = 1;
				DEVELOPMENT_TEAM = 7YP67DVLV3;
				GENERATE_INFOPLIST_FILE = YES;
				IPHONEOS_DEPLOYMENT_TARGET = 15.0;
				LD_RUNPATH_SEARCH_PATHS = (
					"$(inherited)",
					"@executable_path/Frameworks",
					"@loader_path/Frameworks",
				);
				MARKETING_VERSION = 1.0;
				PRODUCT_BUNDLE_IDENTIFIER = com.uvolchyk.PerceptionTests;
				PRODUCT_NAME = "$(TARGET_NAME)";
				SWIFT_EMIT_LOC_STRINGS = NO;
				SWIFT_VERSION = 5.0;
				TARGETED_DEVICE_FAMILY = "1,2";
				TEST_HOST = "$(BUILT_PRODUCTS_DIR)/Perception.app/Perception";
			};
			name = Debug;
		};
		2B363F632752CCF90032869F /* Release */ = {
			isa = XCBuildConfiguration;
			buildSettings = {
				ALWAYS_EMBED_SWIFT_STANDARD_LIBRARIES = YES;
				BUNDLE_LOADER = "$(TEST_HOST)";
				CODE_SIGN_STYLE = Automatic;
				CURRENT_PROJECT_VERSION = 1;
				DEVELOPMENT_TEAM = 7YP67DVLV3;
				GENERATE_INFOPLIST_FILE = YES;
				IPHONEOS_DEPLOYMENT_TARGET = 15.0;
				LD_RUNPATH_SEARCH_PATHS = (
					"$(inherited)",
					"@executable_path/Frameworks",
					"@loader_path/Frameworks",
				);
				MARKETING_VERSION = 1.0;
				PRODUCT_BUNDLE_IDENTIFIER = com.uvolchyk.PerceptionTests;
				PRODUCT_NAME = "$(TARGET_NAME)";
				SWIFT_EMIT_LOC_STRINGS = NO;
				SWIFT_VERSION = 5.0;
				TARGETED_DEVICE_FAMILY = "1,2";
				TEST_HOST = "$(BUILT_PRODUCTS_DIR)/Perception.app/Perception";
			};
			name = Release;
		};
		2B363F652752CCF90032869F /* Debug */ = {
			isa = XCBuildConfiguration;
			buildSettings = {
				ALWAYS_EMBED_SWIFT_STANDARD_LIBRARIES = YES;
				CODE_SIGN_STYLE = Automatic;
				CURRENT_PROJECT_VERSION = 1;
				DEVELOPMENT_TEAM = 7YP67DVLV3;
				GENERATE_INFOPLIST_FILE = YES;
				LD_RUNPATH_SEARCH_PATHS = (
					"$(inherited)",
					"@executable_path/Frameworks",
					"@loader_path/Frameworks",
				);
				MARKETING_VERSION = 1.0;
				PRODUCT_BUNDLE_IDENTIFIER = com.uvolchyk.PerceptionUITests;
				PRODUCT_NAME = "$(TARGET_NAME)";
				SWIFT_EMIT_LOC_STRINGS = NO;
				SWIFT_VERSION = 5.0;
				TARGETED_DEVICE_FAMILY = "1,2";
				TEST_TARGET_NAME = Perception;
			};
			name = Debug;
		};
		2B363F662752CCF90032869F /* Release */ = {
			isa = XCBuildConfiguration;
			buildSettings = {
				ALWAYS_EMBED_SWIFT_STANDARD_LIBRARIES = YES;
				CODE_SIGN_STYLE = Automatic;
				CURRENT_PROJECT_VERSION = 1;
				DEVELOPMENT_TEAM = 7YP67DVLV3;
				GENERATE_INFOPLIST_FILE = YES;
				LD_RUNPATH_SEARCH_PATHS = (
					"$(inherited)",
					"@executable_path/Frameworks",
					"@loader_path/Frameworks",
				);
				MARKETING_VERSION = 1.0;
				PRODUCT_BUNDLE_IDENTIFIER = com.uvolchyk.PerceptionUITests;
				PRODUCT_NAME = "$(TARGET_NAME)";
				SWIFT_EMIT_LOC_STRINGS = NO;
				SWIFT_VERSION = 5.0;
				TARGETED_DEVICE_FAMILY = "1,2";
				TEST_TARGET_NAME = Perception;
			};
			name = Release;
		};
/* End XCBuildConfiguration section */

/* Begin XCConfigurationList section */
		2B363F2F2752CCF70032869F /* Build configuration list for PBXProject "Perception" */ = {
			isa = XCConfigurationList;
			buildConfigurations = (
				2B363F5C2752CCF90032869F /* Debug */,
				2B363F5D2752CCF90032869F /* Release */,
			);
			defaultConfigurationIsVisible = 0;
			defaultConfigurationName = Release;
		};
		2B363F5E2752CCF90032869F /* Build configuration list for PBXNativeTarget "Perception" */ = {
			isa = XCConfigurationList;
			buildConfigurations = (
				2B363F5F2752CCF90032869F /* Debug */,
				2B363F602752CCF90032869F /* Release */,
			);
			defaultConfigurationIsVisible = 0;
			defaultConfigurationName = Release;
		};
		2B363F612752CCF90032869F /* Build configuration list for PBXNativeTarget "PerceptionTests" */ = {
			isa = XCConfigurationList;
			buildConfigurations = (
				2B363F622752CCF90032869F /* Debug */,
				2B363F632752CCF90032869F /* Release */,
			);
			defaultConfigurationIsVisible = 0;
			defaultConfigurationName = Release;
		};
		2B363F642752CCF90032869F /* Build configuration list for PBXNativeTarget "PerceptionUITests" */ = {
			isa = XCConfigurationList;
			buildConfigurations = (
				2B363F652752CCF90032869F /* Debug */,
				2B363F662752CCF90032869F /* Release */,
			);
			defaultConfigurationIsVisible = 0;
			defaultConfigurationName = Release;
		};
/* End XCConfigurationList section */

/* Begin XCSwiftPackageProductDependency section */
		2BCDEB7827650E8C009EE247 /* PerceptionUI */ = {
			isa = XCSwiftPackageProductDependency;
			productName = PerceptionUI;
		};
		2BCDEB7D27665A96009EE247 /* PerceptionStorage */ = {
			isa = XCSwiftPackageProductDependency;
			productName = PerceptionStorage;
		};
/* End XCSwiftPackageProductDependency section */
	};
	rootObject = 2B363F2C2752CCF70032869F /* Project object */;
}
